
Microsoft Visual Studio Solution File, Format Version 12.00
# Visual Studio Version 16
VisualStudioVersion = 16.0.31313.79
MinimumVisualStudioVersion = 10.0.40219.1
Project("{FAE04EC0-301F-11D3-BF4B-00C04F79EFBC}") = "Capstone2021", "Capstone2021\Capstone2021.csproj", "{940626FC-A7DA-40EC-8135-8AA1EC3ECF7B}"
EndProject
Project("{9A19103F-16F7-4668-BE54-9A1E7A4F7556}") = "WebApplication3", "..\WebApplication3\WebApplication3\WebApplication3.csproj", "{1E9364C8-CDA4-4D9D-9E8F-264D4FD00768}"
EndProject
Global
	GlobalSection(SolutionConfigurationPlatforms) = preSolution
		Debug|Any CPU = Debug|Any CPU
		Release|Any CPU = Release|Any CPU
	EndGlobalSection
	GlobalSection(ProjectConfigurationPlatforms) = postSolution
		{940626FC-A7DA-40EC-8135-8AA1EC3ECF7B}.Debug|Any CPU.ActiveCfg = Debug|Any CPU
		{940626FC-A7DA-40EC-8135-8AA1EC3ECF7B}.Debug|Any CPU.Build.0 = Debug|Any CPU
		{940626FC-A7DA-40EC-8135-8AA1EC3ECF7B}.Release|Any CPU.ActiveCfg = Release|Any CPU
		{940626FC-A7DA-40EC-8135-8AA1EC3ECF7B}.Release|Any CPU.Build.0 = Release|Any CPU
		{1E9364C8-CDA4-4D9D-9E8F-264D4FD00768}.Debug|Any CPU.ActiveCfg = Debug|Any CPU
		{1E9364C8-CDA4-4D9D-9E8F-264D4FD00768}.Debug|Any CPU.Build.0 = Debug|Any CPU
		{1E9364C8-CDA4-4D9D-9E8F-264D4FD00768}.Release|Any CPU.ActiveCfg = Release|Any CPU
		{1E9364C8-CDA4-4D9D-9E8F-264D4FD00768}.Release|Any CPU.Build.0 = Release|Any CPU
	EndGlobalSection
	GlobalSection(SolutionProperties) = preSolution
		HideSolutionNode = FALSE
	EndGlobalSection
	GlobalSection(ExtensibilityGlobals) = postSolution
		SolutionGuid = {0B69A7F6-B001-4EF7-B1E6-699C4FB4B540}
	EndGlobalSection
EndGlobal
