
Microsoft Visual Studio Solution File, Format Version 12.00
# Visual Studio Version 16
VisualStudioVersion = 16.0.31313.79
MinimumVisualStudioVersion = 10.0.40219.1
Project("{FAE04EC0-301F-11D3-BF4B-00C04F79EFBC}") = "Capstone2021", "Capstone2021\Capstone2021.csproj", "{C84A6DF1-5D07-4E45-BA1F-FC35F5296957}"
EndProject
Global
	GlobalSection(SolutionConfigurationPlatforms) = preSolution
		Debug|Any CPU = Debug|Any CPU
		Release|Any CPU = Release|Any CPU
	EndGlobalSection
	GlobalSection(ProjectConfigurationPlatforms) = postSolution
		{C84A6DF1-5D07-4E45-BA1F-FC35F5296957}.Debug|Any CPU.ActiveCfg = Debug|Any CPU
		{C84A6DF1-5D07-4E45-BA1F-FC35F5296957}.Debug|Any CPU.Build.0 = Debug|Any CPU
		{C84A6DF1-5D07-4E45-BA1F-FC35F5296957}.Release|Any CPU.ActiveCfg = Release|Any CPU
		{C84A6DF1-5D07-4E45-BA1F-FC35F5296957}.Release|Any CPU.Build.0 = Release|Any CPU
	EndGlobalSection
	GlobalSection(SolutionProperties) = preSolution
		HideSolutionNode = FALSE
	EndGlobalSection
	GlobalSection(ExtensibilityGlobals) = postSolution
		SolutionGuid = {C2D20D8C-C2D0-4258-AD79-9981486DF431}
	EndGlobalSection
EndGlobal
